
Microsoft Visual Studio Solution File, Format Version 12.00
# Visual Studio Version 17
VisualStudioVersion = 17.0.32014.148
MinimumVisualStudioVersion = 10.0.40219.1
Project("{888888A0-9F3D-457C-B088-3A5042F75D52}") = "Nonlinear Function", "Nonlinear Function.pyproj", "{D55228DD-8A33-428B-983E-04D0CE79D9F8}"
EndProject
Global
	GlobalSection(SolutionConfigurationPlatforms) = preSolution
		Debug|Any CPU = Debug|Any CPU
		Release|Any CPU = Release|Any CPU
	EndGlobalSection
	GlobalSection(ProjectConfigurationPlatforms) = postSolution
		{D55228DD-8A33-428B-983E-04D0CE79D9F8}.Debug|Any CPU.ActiveCfg = Debug|Any CPU
		{D55228DD-8A33-428B-983E-04D0CE79D9F8}.Release|Any CPU.ActiveCfg = Release|Any CPU
	EndGlobalSection
	GlobalSection(SolutionProperties) = preSolution
		HideSolutionNode = FALSE
	EndGlobalSection
	GlobalSection(ExtensibilityGlobals) = postSolution
		SolutionGuid = {65B7EB1F-B100-46C6-86CC-33ACB99AD301}
	EndGlobalSection
EndGlobal
